
Microsoft Visual Studio Solution File, Format Version 12.00
# Visual Studio Version 16
VisualStudioVersion = 16.0.30330.147
MinimumVisualStudioVersion = 10.0.40219.1
Project("{8BC9CEB8-8B4A-11D0-8D11-00A0C91BC942}") = "ITMO.GR124.2020.CPL.Lab02_3", "ITMO.GR124.2020.CPL.Lab02_3.vcxproj", "{73BF132D-9A43-4F0E-92D2-8206FC4CD484}"
EndProject
Global
	GlobalSection(SolutionConfigurationPlatforms) = preSolution
		Debug|x64 = Debug|x64
		Debug|x86 = Debug|x86
		Release|x64 = Release|x64
		Release|x86 = Release|x86
	EndGlobalSection
	GlobalSection(ProjectConfigurationPlatforms) = postSolution
		{73BF132D-9A43-4F0E-92D2-8206FC4CD484}.Debug|x64.ActiveCfg = Debug|x64
		{73BF132D-9A43-4F0E-92D2-8206FC4CD484}.Debug|x64.Build.0 = Debug|x64
		{73BF132D-9A43-4F0E-92D2-8206FC4CD484}.Debug|x86.ActiveCfg = Debug|Win32
		{73BF132D-9A43-4F0E-92D2-8206FC4CD484}.Debug|x86.Build.0 = Debug|Win32
		{73BF132D-9A43-4F0E-92D2-8206FC4CD484}.Release|x64.ActiveCfg = Release|x64
		{73BF132D-9A43-4F0E-92D2-8206FC4CD484}.Release|x64.Build.0 = Release|x64
		{73BF132D-9A43-4F0E-92D2-8206FC4CD484}.Release|x86.ActiveCfg = Release|Win32
		{73BF132D-9A43-4F0E-92D2-8206FC4CD484}.Release|x86.Build.0 = Release|Win32
	EndGlobalSection
	GlobalSection(SolutionProperties) = preSolution
		HideSolutionNode = FALSE
	EndGlobalSection
	GlobalSection(ExtensibilityGlobals) = postSolution
		SolutionGuid = {4852F767-358A-44B5-8DA7-22C8829396A6}
	EndGlobalSection
EndGlobal
